
Microsoft Visual Studio Solution File, Format Version 12.00
# Visual Studio 15
VisualStudioVersion = 15.0.28307.421
MinimumVisualStudioVersion = 10.0.40219.1
Project("{888888A0-9F3D-457C-B088-3A5042F75D52}") = "MyWebSite", "MyWebSite.pyproj", "{13B1863F-78FA-4BB8-9A6C-70BCA39CD198}"
EndProject
Global
	GlobalSection(SolutionConfigurationPlatforms) = preSolution
		Debug|Any CPU = Debug|Any CPU
		Release|Any CPU = Release|Any CPU
	EndGlobalSection
	GlobalSection(ProjectConfigurationPlatforms) = postSolution
		{13B1863F-78FA-4BB8-9A6C-70BCA39CD198}.Debug|Any CPU.ActiveCfg = Debug|Any CPU
		{13B1863F-78FA-4BB8-9A6C-70BCA39CD198}.Debug|Any CPU.Build.0 = Debug|Any CPU
		{13B1863F-78FA-4BB8-9A6C-70BCA39CD198}.Release|Any CPU.ActiveCfg = Release|Any CPU
		{13B1863F-78FA-4BB8-9A6C-70BCA39CD198}.Release|Any CPU.Build.0 = Release|Any CPU
	EndGlobalSection
	GlobalSection(SolutionProperties) = preSolution
		HideSolutionNode = FALSE
	EndGlobalSection
	GlobalSection(ExtensibilityGlobals) = postSolution
		SolutionGuid = {0B463F46-6840-4BA9-B61E-C4AEEEDB2D1B}
	EndGlobalSection
EndGlobal
